
Microsoft Visual Studio Solution File, Format Version 12.00
# Visual Studio 15
VisualStudioVersion = 15.0.27703.2042
MinimumVisualStudioVersion = 10.0.40219.1
Project("{FAE04EC0-301F-11D3-BF4B-00C04F79EFBC}") = "Bonus18", "Bonus18\Bonus18.csproj", "{6482E943-6156-4233-A873-D6085B81C62A}"
EndProject
Global
	GlobalSection(SolutionConfigurationPlatforms) = preSolution
		Debug|Any CPU = Debug|Any CPU
		Release|Any CPU = Release|Any CPU
	EndGlobalSection
	GlobalSection(ProjectConfigurationPlatforms) = postSolution
		{6482E943-6156-4233-A873-D6085B81C62A}.Debug|Any CPU.ActiveCfg = Debug|Any CPU
		{6482E943-6156-4233-A873-D6085B81C62A}.Debug|Any CPU.Build.0 = Debug|Any CPU
		{6482E943-6156-4233-A873-D6085B81C62A}.Release|Any CPU.ActiveCfg = Release|Any CPU
		{6482E943-6156-4233-A873-D6085B81C62A}.Release|Any CPU.Build.0 = Release|Any CPU
	EndGlobalSection
	GlobalSection(SolutionProperties) = preSolution
		HideSolutionNode = FALSE
	EndGlobalSection
	GlobalSection(ExtensibilityGlobals) = postSolution
		SolutionGuid = {AD80CCE1-3002-4FA2-A8F4-98F6DDC44A79}
	EndGlobalSection
EndGlobal
